
Microsoft Visual Studio Solution File, Format Version 12.00
# Visual Studio 15
VisualStudioVersion = 15.0.28010.2003
MinimumVisualStudioVersion = 10.0.40219.1
Project("{FAE04EC0-301F-11D3-BF4B-00C04F79EFBC}") = "opoptest", "opoptest\opoptest.csproj", "{9C7ECAE2-7A3E-41DC-BC2D-B1E5168BE334}"
EndProject
Global
	GlobalSection(SolutionConfigurationPlatforms) = preSolution
		Debug|Any CPU = Debug|Any CPU
		Release|Any CPU = Release|Any CPU
	EndGlobalSection
	GlobalSection(ProjectConfigurationPlatforms) = postSolution
		{9C7ECAE2-7A3E-41DC-BC2D-B1E5168BE334}.Debug|Any CPU.ActiveCfg = Debug|Any CPU
		{9C7ECAE2-7A3E-41DC-BC2D-B1E5168BE334}.Debug|Any CPU.Build.0 = Debug|Any CPU
		{9C7ECAE2-7A3E-41DC-BC2D-B1E5168BE334}.Release|Any CPU.ActiveCfg = Release|Any CPU
		{9C7ECAE2-7A3E-41DC-BC2D-B1E5168BE334}.Release|Any CPU.Build.0 = Release|Any CPU
	EndGlobalSection
	GlobalSection(SolutionProperties) = preSolution
		HideSolutionNode = FALSE
	EndGlobalSection
	GlobalSection(ExtensibilityGlobals) = postSolution
		SolutionGuid = {4B6FAE0A-ADA4-4D55-859F-DCABA4A9B6B6}
	EndGlobalSection
EndGlobal
